
Microsoft Visual Studio Solution File, Format Version 12.00
# Visual Studio Version 17
VisualStudioVersion = 17.14.36616.10 d17.14
MinimumVisualStudioVersion = 10.0.40219.1
Project("{FAE04EC0-301F-11D3-BF4B-00C04F79EFBC}") = "Stock.API", "Stock.API\Stock.API.csproj", "{18C0AC23-C71C-4A0C-B38D-B15F9D1341A7}"
EndProject
Project("{FAE04EC0-301F-11D3-BF4B-00C04F79EFBC}") = "Order.API", "Order.API\Order.API.csproj", "{2F241FD5-B96B-4888-91D9-105E2E40BDE1}"
EndProject
Project("{FAE04EC0-301F-11D3-BF4B-00C04F79EFBC}") = "Payment.API", "Payment.API\Payment.API.csproj", "{5B91D831-2BD3-4E1A-9E1C-33C525DCEDCF}"
EndProject
Project("{FAE04EC0-301F-11D3-BF4B-00C04F79EFBC}") = "Shared.Bus", "Shared.Bus\Shared.Bus.csproj", "{984D05BB-5A44-4AEE-94C8-EF0882F9C61A}"
EndProject
Global
	GlobalSection(SolutionConfigurationPlatforms) = preSolution
		Debug|Any CPU = Debug|Any CPU
		Release|Any CPU = Release|Any CPU
	EndGlobalSection
	GlobalSection(ProjectConfigurationPlatforms) = postSolution
		{18C0AC23-C71C-4A0C-B38D-B15F9D1341A7}.Debug|Any CPU.ActiveCfg = Debug|Any CPU
		{18C0AC23-C71C-4A0C-B38D-B15F9D1341A7}.Debug|Any CPU.Build.0 = Debug|Any CPU
		{18C0AC23-C71C-4A0C-B38D-B15F9D1341A7}.Release|Any CPU.ActiveCfg = Release|Any CPU
		{18C0AC23-C71C-4A0C-B38D-B15F9D1341A7}.Release|Any CPU.Build.0 = Release|Any CPU
		{2F241FD5-B96B-4888-91D9-105E2E40BDE1}.Debug|Any CPU.ActiveCfg = Debug|Any CPU
		{2F241FD5-B96B-4888-91D9-105E2E40BDE1}.Debug|Any CPU.Build.0 = Debug|Any CPU
		{2F241FD5-B96B-4888-91D9-105E2E40BDE1}.Release|Any CPU.ActiveCfg = Release|Any CPU
		{2F241FD5-B96B-4888-91D9-105E2E40BDE1}.Release|Any CPU.Build.0 = Release|Any CPU
		{5B91D831-2BD3-4E1A-9E1C-33C525DCEDCF}.Debug|Any CPU.ActiveCfg = Debug|Any CPU
		{5B91D831-2BD3-4E1A-9E1C-33C525DCEDCF}.Debug|Any CPU.Build.0 = Debug|Any CPU
		{5B91D831-2BD3-4E1A-9E1C-33C525DCEDCF}.Release|Any CPU.ActiveCfg = Release|Any CPU
		{5B91D831-2BD3-4E1A-9E1C-33C525DCEDCF}.Release|Any CPU.Build.0 = Release|Any CPU
		{984D05BB-5A44-4AEE-94C8-EF0882F9C61A}.Debug|Any CPU.ActiveCfg = Debug|Any CPU
		{984D05BB-5A44-4AEE-94C8-EF0882F9C61A}.Debug|Any CPU.Build.0 = Debug|Any CPU
		{984D05BB-5A44-4AEE-94C8-EF0882F9C61A}.Release|Any CPU.ActiveCfg = Release|Any CPU
		{984D05BB-5A44-4AEE-94C8-EF0882F9C61A}.Release|Any CPU.Build.0 = Release|Any CPU
	EndGlobalSection
	GlobalSection(SolutionProperties) = preSolution
		HideSolutionNode = FALSE
	EndGlobalSection
	GlobalSection(ExtensibilityGlobals) = postSolution
		SolutionGuid = {E1932A3C-029F-4A49-B262-E81D20A6AD91}
	EndGlobalSection
EndGlobal
